
Microsoft Visual Studio Solution File, Format Version 12.00
# Visual Studio Version 17
VisualStudioVersion = 17.6.33513.286
MinimumVisualStudioVersion = 10.0.40219.1
Project("{9A19103F-16F7-4668-BE54-9A1E7A4F7556}") = "IotLogger", "IotLogger\IotLogger.csproj", "{A529A37F-1D09-4A49-A28E-E42C4181415E}"
EndProject
Project("{9A19103F-16F7-4668-BE54-9A1E7A4F7556}") = "DataAccessEF", "DataAccessEF\DataAccessEF.csproj", "{BB602500-4A9F-48DE-AF37-9605A0C50564}"
EndProject
Project("{9A19103F-16F7-4668-BE54-9A1E7A4F7556}") = "Domain", "Domain\Domain.csproj", "{9B988AAD-DFC5-4769-AC9E-B6E36FB102C1}"
EndProject
Project("{FAE04EC0-301F-11D3-BF4B-00C04F79EFBC}") = "Logger", "Logger\Logger.csproj", "{48F0158E-F4FD-4A62-96A7-F0330554E0A5}"
EndProject
Project("{FAE04EC0-301F-11D3-BF4B-00C04F79EFBC}") = "MqttSensorHandler", "MqttSensorHandler\MqttSensorHandler.csproj", "{6E220F84-01B6-46CC-A462-B5C0F2563E4C}"
EndProject
Project("{FAE04EC0-301F-11D3-BF4B-00C04F79EFBC}") = "DemoMqttSender", "DemoMqttSender\DemoMqttSender.csproj", "{EB4A7FB2-1478-4AF2-B2BB-3602C99B2AE6}"
EndProject
Global
	GlobalSection(SolutionConfigurationPlatforms) = preSolution
		Debug|Any CPU = Debug|Any CPU
		Release|Any CPU = Release|Any CPU
	EndGlobalSection
	GlobalSection(ProjectConfigurationPlatforms) = postSolution
		{A529A37F-1D09-4A49-A28E-E42C4181415E}.Debug|Any CPU.ActiveCfg = Debug|Any CPU
		{A529A37F-1D09-4A49-A28E-E42C4181415E}.Debug|Any CPU.Build.0 = Debug|Any CPU
		{A529A37F-1D09-4A49-A28E-E42C4181415E}.Release|Any CPU.ActiveCfg = Release|Any CPU
		{A529A37F-1D09-4A49-A28E-E42C4181415E}.Release|Any CPU.Build.0 = Release|Any CPU
		{BB602500-4A9F-48DE-AF37-9605A0C50564}.Debug|Any CPU.ActiveCfg = Debug|Any CPU
		{BB602500-4A9F-48DE-AF37-9605A0C50564}.Debug|Any CPU.Build.0 = Debug|Any CPU
		{BB602500-4A9F-48DE-AF37-9605A0C50564}.Release|Any CPU.ActiveCfg = Release|Any CPU
		{BB602500-4A9F-48DE-AF37-9605A0C50564}.Release|Any CPU.Build.0 = Release|Any CPU
		{9B988AAD-DFC5-4769-AC9E-B6E36FB102C1}.Debug|Any CPU.ActiveCfg = Debug|Any CPU
		{9B988AAD-DFC5-4769-AC9E-B6E36FB102C1}.Debug|Any CPU.Build.0 = Debug|Any CPU
		{9B988AAD-DFC5-4769-AC9E-B6E36FB102C1}.Release|Any CPU.ActiveCfg = Release|Any CPU
		{9B988AAD-DFC5-4769-AC9E-B6E36FB102C1}.Release|Any CPU.Build.0 = Release|Any CPU
		{48F0158E-F4FD-4A62-96A7-F0330554E0A5}.Debug|Any CPU.ActiveCfg = Debug|Any CPU
		{48F0158E-F4FD-4A62-96A7-F0330554E0A5}.Debug|Any CPU.Build.0 = Debug|Any CPU
		{48F0158E-F4FD-4A62-96A7-F0330554E0A5}.Release|Any CPU.ActiveCfg = Release|Any CPU
		{48F0158E-F4FD-4A62-96A7-F0330554E0A5}.Release|Any CPU.Build.0 = Release|Any CPU
		{6E220F84-01B6-46CC-A462-B5C0F2563E4C}.Debug|Any CPU.ActiveCfg = Debug|Any CPU
		{6E220F84-01B6-46CC-A462-B5C0F2563E4C}.Debug|Any CPU.Build.0 = Debug|Any CPU
		{6E220F84-01B6-46CC-A462-B5C0F2563E4C}.Release|Any CPU.ActiveCfg = Release|Any CPU
		{6E220F84-01B6-46CC-A462-B5C0F2563E4C}.Release|Any CPU.Build.0 = Release|Any CPU
		{EB4A7FB2-1478-4AF2-B2BB-3602C99B2AE6}.Debug|Any CPU.ActiveCfg = Debug|Any CPU
		{EB4A7FB2-1478-4AF2-B2BB-3602C99B2AE6}.Debug|Any CPU.Build.0 = Debug|Any CPU
		{EB4A7FB2-1478-4AF2-B2BB-3602C99B2AE6}.Release|Any CPU.ActiveCfg = Release|Any CPU
		{EB4A7FB2-1478-4AF2-B2BB-3602C99B2AE6}.Release|Any CPU.Build.0 = Release|Any CPU
	EndGlobalSection
	GlobalSection(SolutionProperties) = preSolution
		HideSolutionNode = FALSE
	EndGlobalSection
	GlobalSection(ExtensibilityGlobals) = postSolution
		SolutionGuid = {23F10ED4-AD7A-4198-83A5-6C5E5B3AF165}
	EndGlobalSection
EndGlobal
